
Microsoft Visual Studio Solution File, Format Version 12.00
# Visual Studio 15
VisualStudioVersion = 15.0.28010.2048
MinimumVisualStudioVersion = 10.0.40219.1
Project("{DA7A21FA-8162-4350-AD77-A8D1B671F3ED}") = "getting_and_cleaning_data-coursera_project", "getting_and_cleaning_data-coursera_project.rxproj", "{E68F92FC-F399-4556-8FA8-B138BC5EC125}"
EndProject
Global
	GlobalSection(SolutionConfigurationPlatforms) = preSolution
		Debug|Any CPU = Debug|Any CPU
		Release|Any CPU = Release|Any CPU
	EndGlobalSection
	GlobalSection(ProjectConfigurationPlatforms) = postSolution
		{E68F92FC-F399-4556-8FA8-B138BC5EC125}.Debug|Any CPU.ActiveCfg = Debug|Any CPU
		{E68F92FC-F399-4556-8FA8-B138BC5EC125}.Debug|Any CPU.Build.0 = Debug|Any CPU
		{E68F92FC-F399-4556-8FA8-B138BC5EC125}.Release|Any CPU.ActiveCfg = Release|Any CPU
		{E68F92FC-F399-4556-8FA8-B138BC5EC125}.Release|Any CPU.Build.0 = Release|Any CPU
	EndGlobalSection
	GlobalSection(SolutionProperties) = preSolution
		HideSolutionNode = FALSE
	EndGlobalSection
	GlobalSection(ExtensibilityGlobals) = postSolution
		SolutionGuid = {26EB7B10-D3FA-4DAF-89D9-C71CFF135BA7}
	EndGlobalSection
EndGlobal
